PODS:
  - Alamofire (5.4.1)
  - JSApiSdk (1.0.0):
    - Alamofire (~> 5.2)

DEPENDENCIES:
  - Alamofire
  - JSApiSdk (from `../`)

SPEC REPOS:
  trunk:
    - Alamofire

EXTERNAL SOURCES:
  JSApiSdk:
    :path: "../"

SPEC CHECKSUMS:
  Alamofire: 2291f7d21ca607c491dd17642e5d40fdcda0e65c
  JSApiSdk: 916776528156e1d1b2b767ee06b776c9bc53a096

PODFILE CHECKSUM: 245bab9fa6393d7eace364103b45b9940761589d

COCOAPODS: 1.10.1
